// !$*UTF8*$!
{
	archiveVersion = 1;
	classes = {
	};
	objectVersion = 56;
	objects = {

/* Begin PBXBuildFile section */
		18301CBF2C68D02A003B8ABB /* ProfileAssignmentUIApp.swift in Sources */ = {isa = PBXBuildFile; fileRef = 18301CBE2C68D02A003B8ABB /* ProfileAssignmentUIApp.swift */; };
		18301CC12C68D02A003B8ABB /* ProfileScreen.swift in Sources */ = {isa = PBXBuildFile; fileRef = 18301CC02C68D02A003B8ABB /* ProfileScreen.swift */; };
		18301CC32C68D02C003B8ABB /* Assets.xcassets in Resources */ = {isa = PBXBuildFile; fileRef = 18301CC22C68D02C003B8ABB /* Assets.xcassets */; };
		18301CC62C68D02C003B8ABB /* Preview Assets.xcassets in Resources */ = {isa = PBXBuildFile; fileRef = 18301CC52C68D02C003B8ABB /* Preview Assets.xcassets */; };
		18301CD02C68D02D003B8ABB /* ProfileAssignmentUITests.swift in Sources */ = {isa = PBXBuildFile; fileRef = 18301CCF2C68D02D003B8ABB /* ProfileAssignmentUITests.swift */; };
		18301CDA2C68D02D003B8ABB /* ProfileAssignmentUIUITests.swift in Sources */ = {isa = PBXBuildFile; fileRef = 18301CD92C68D02D003B8ABB /* ProfileAssignmentUIUITests.swift */; };
		18301CDC2C68D02D003B8ABB /* ProfileAssignmentUIUITestsLaunchTests.swift in Sources */ = {isa = PBXBuildFile; fileRef = 18301CDB2C68D02D003B8ABB /* ProfileAssignmentUIUITestsLaunchTests.swift */; };
		18301CEB2C6A6D29003B8ABB /* EditProfileScreen.swift in Sources */ = {isa = PBXBuildFile; fileRef = 18301CEA2C6A6D29003B8ABB /* EditProfileScreen.swift */; };
/* End PBXBuildFile section */

/* Begin PBXContainerItemProxy section */
		18301CCC2C68D02D003B8ABB /* PBXContainerItemProxy */ = {
			isa = PBXContainerItemProxy;
			containerPortal = 18301CB32C68D02A003B8ABB /* Project object */;
			proxyType = 1;
			remoteGlobalIDString = 18301CBA2C68D02A003B8ABB;
			remoteInfo = ProfileAssignmentUI;
		};
		18301CD62C68D02D003B8ABB /* PBXContainerItemProxy */ = {
			isa = PBXContainerItemProxy;
			containerPortal = 18301CB32C68D02A003B8ABB /* Project object */;
			proxyType = 1;
			remoteGlobalIDString = 18301CBA2C68D02A003B8ABB;
			remoteInfo = ProfileAssignmentUI;
		};
/* End PBXContainerItemProxy section */

/* Begin PBXFileReference section */
		18301CBB2C68D02A003B8ABB /* ProfileAssignmentUI.app */ = {isa = PBXFileReference; explicitFileType = wrapper.application; includeInIndex = 0; path = ProfileAssignmentUI.app; sourceTree = BUILT_PRODUCTS_DIR; };
		18301CBE2C68D02A003B8ABB /* ProfileAssignmentUIApp.swift */ = {isa = PBXFileReference; lastKnownFileType = sourcecode.swift; path = ProfileAssignmentUIApp.swift; sourceTree = "<group>"; };
		18301CC02C68D02A003B8ABB /* ProfileScreen.swift */ = {isa = PBXFileReference; lastKnownFileType = sourcecode.swift; path = ProfileScreen.swift; sourceTree = "<group>"; };
		18301CC22C68D02C003B8ABB /* Assets.xcassets */ = {isa = PBXFileReference; lastKnownFileType = folder.assetcatalog; path = Assets.xcassets; sourceTree = "<group>"; };
		18301CC52C68D02C003B8ABB /* Preview Assets.xcassets */ = {isa = PBXFileReference; lastKnownFileType = folder.assetcatalog; path = "Preview Assets.xcassets"; sourceTree = "<group>"; };
		18301CCB2C68D02D003B8ABB /* ProfileAssignmentUITests.xctest */ = {isa = PBXFileReference; explicitFileType = wrapper.cfbundle; includeInIndex = 0; path = ProfileAssignmentUITests.xctest; sourceTree = BUILT_PRODUCTS_DIR; };
		18301CCF2C68D02D003B8ABB /* ProfileAssignmentUITests.swift */ = {isa = PBXFileReference; lastKnownFileType = sourcecode.swift; path = ProfileAssignmentUITests.swift; sourceTree = "<group>"; };
		18301CD52C68D02D003B8ABB /* ProfileAssignmentUIUITests.xctest */ = {isa = PBXFileReference; explicitFileType = wrapper.cfbundle; includeInIndex = 0; path = ProfileAssignmentUIUITests.xctest; sourceTree = BUILT_PRODUCTS_DIR; };
		18301CD92C68D02D003B8ABB /* ProfileAssignmentUIUITests.swift */ = {isa = PBXFileReference; lastKnownFileType = sourcecode.swift; path = ProfileAssignmentUIUITests.swift; sourceTree = "<group>"; };
		18301CDB2C68D02D003B8ABB /* ProfileAssignmentUIUITestsLaunchTests.swift */ = {isa = PBXFileReference; lastKnownFileType = sourcecode.swift; path = ProfileAssignmentUIUITestsLaunchTests.swift; sourceTree = "<group>"; };
		18301CEA2C6A6D29003B8ABB /* EditProfileScreen.swift */ = {isa = PBXFileReference; lastKnownFileType = sourcecode.swift; path = EditProfileScreen.swift; sourceTree = "<group>"; };
/* End PBXFileReference section */

/* Begin PBXFrameworksBuildPhase section */
		18301CB82C68D02A003B8ABB /* Frameworks */ = {
			isa = PBXFrameworksBuildPhase;
			buildActionMask = 2147483647;
			files = (
			);
			runOnlyForDeploymentPostprocessing = 0;
		};
		18301CC82C68D02D003B8ABB /* Frameworks */ = {
			isa = PBXFrameworksBuildPhase;
			buildActionMask = 2147483647;
			files = (
			);
			runOnlyForDeploymentPostprocessing = 0;
		};
		18301CD22C68D02D003B8ABB /* Frameworks */ = {
			isa = PBXFrameworksBuildPhase;
			buildActionMask = 2147483647;
			files = (
			);
			runOnlyForDeploymentPostprocessing = 0;
		};
/* End PBXFrameworksBuildPhase section */

/* Begin PBXGroup section */
		18301CB22C68D02A003B8ABB = {
			isa = PBXGroup;
			children = (
				18301CBD2C68D02A003B8ABB /* ProfileAssignmentUI */,
				18301CCE2C68D02D003B8ABB /* ProfileAssignmentUITests */,
				18301CD82C68D02D003B8ABB /* ProfileAssignmentUIUITests */,
				18301CBC2C68D02A003B8ABB /* Products */,
			);
			sourceTree = "<group>";
		};
		18301CBC2C68D02A003B8ABB /* Products */ = {
			isa = PBXGroup;
			children = (
				18301CBB2C68D02A003B8ABB /* ProfileAssignmentUI.app */,
				18301CCB2C68D02D003B8ABB /* ProfileAssignmentUITests.xctest */,
				18301CD52C68D02D003B8ABB /* ProfileAssignmentUIUITests.xctest */,
			);
			name = Products;
			sourceTree = "<group>";
		};
		18301CBD2C68D02A003B8ABB /* ProfileAssignmentUI */ = {
			isa = PBXGroup;
			children = (
				18301CBE2C68D02A003B8ABB /* ProfileAssignmentUIApp.swift */,
				18301CC02C68D02A003B8ABB /* ProfileScreen.swift */,
				18301CEA2C6A6D29003B8ABB /* EditProfileScreen.swift */,
				18301CC22C68D02C003B8ABB /* Assets.xcassets */,
				18301CC42C68D02C003B8ABB /* Preview Content */,
			);
			path = ProfileAssignmentUI;
			sourceTree = "<group>";
		};
		18301CC42C68D02C003B8ABB /* Preview Content */ = {
			isa = PBXGroup;
			children = (
				18301CC52C68D02C003B8ABB /* Preview Assets.xcassets */,
			);
			path = "Preview Content";
			sourceTree = "<group>";
		};
		18301CCE2C68D02D003B8ABB /* ProfileAssignmentUITests */ = {
			isa = PBXGroup;
			children = (
				18301CCF2C68D02D003B8ABB /* ProfileAssignmentUITests.swift */,
			);
			path = ProfileAssignmentUITests;
			sourceTree = "<group>";
		};
		18301CD82C68D02D003B8ABB /* ProfileAssignmentUIUITests */ = {
			isa = PBXGroup;
			children = (
				18301CD92C68D02D003B8ABB /* ProfileAssignmentUIUITests.swift */,
				18301CDB2C68D02D003B8ABB /* ProfileAssignmentUIUITestsLaunchTests.swift */,
			);
			path = ProfileAssignmentUIUITests;
			sourceTree = "<group>";
		};
/* End PBXGroup section */

/* Begin PBXNativeTarget section */
		18301CBA2C68D02A003B8ABB /* ProfileAssignmentUI */ = {
			isa = PBXNativeTarget;
			buildConfigurationList = 18301CDF2C68D02D003B8ABB /* Build configuration list for PBXNativeTarget "ProfileAssignmentUI" */;
			buildPhases = (
				18301CB72C68D02A003B8ABB /* Sources */,
				18301CB82C68D02A003B8ABB /* Frameworks */,
				18301CB92C68D02A003B8ABB /* Resources */,
			);
			buildRules = (
			);
			dependencies = (
			);
			name = ProfileAssignmentUI;
			productName = ProfileAssignmentUI;
			productReference = 18301CBB2C68D02A003B8ABB /* ProfileAssignmentUI.app */;
			productType = "com.apple.product-type.application";
		};
		18301CCA2C68D02D003B8ABB /* ProfileAssignmentUITests */ = {
			isa = PBXNativeTarget;
			buildConfigurationList = 18301CE22C68D02D003B8ABB /* Build configuration list for PBXNativeTarget "ProfileAssignmentUITests" */;
			buildPhases = (
				18301CC72C68D02D003B8ABB /* Sources */,
				18301CC82C68D02D003B8ABB /* Frameworks */,
				18301CC92C68D02D003B8ABB /* Resources */,
			);
			buildRules = (
			);
			dependencies = (
				18301CCD2C68D02D003B8ABB /* PBXTargetDependency */,
			);
			name = ProfileAssignmentUITests;
			productName = ProfileAssignmentUITests;
			productReference = 18301CCB2C68D02D003B8ABB /* ProfileAssignmentUITests.xctest */;
			productType = "com.apple.product-type.bundle.unit-test";
		};
		18301CD42C68D02D003B8ABB /* ProfileAssignmentUIUITests */ = {
			isa = PBXNativeTarget;
			buildConfigurationList = 18301CE52C68D02D003B8ABB /* Build configuration list for PBXNativeTarget "ProfileAssignmentUIUITests" */;
			buildPhases = (
				18301CD12C68D02D003B8ABB /* Sources */,
				18301CD22C68D02D003B8ABB /* Frameworks */,
				18301CD32C68D02D003B8ABB /* Resources */,
			);
			buildRules = (
			);
			dependencies = (
				18301CD72C68D02D003B8ABB /* PBXTargetDependency */,
			);
			name = ProfileAssignmentUIUITests;
			productName = ProfileAssignmentUIUITests;
			productReference = 18301CD52C68D02D003B8ABB /* ProfileAssignmentUIUITests.xctest */;
			productType = "com.apple.product-type.bundle.ui-testing";
		};
/* End PBXNativeTarget section */

/* Begin PBXProject section */
		18301CB32C68D02A003B8ABB /* Project object */ = {
			isa = PBXProject;
			attributes = {
				BuildIndependentTargetsInParallel = 1;
				LastSwiftUpdateCheck = 1540;
				LastUpgradeCheck = 1540;
				TargetAttributes = {
					18301CBA2C68D02A003B8ABB = {
						CreatedOnToolsVersion = 15.4;
					};
					18301CCA2C68D02D003B8ABB = {
						CreatedOnToolsVersion = 15.4;
						TestTargetID = 18301CBA2C68D02A003B8ABB;
					};
					18301CD42C68D02D003B8ABB = {
						CreatedOnToolsVersion = 15.4;
						TestTargetID = 18301CBA2C68D02A003B8ABB;
					};
				};
			};
			buildConfigurationList = 18301CB62C68D02A003B8ABB /* Build configuration list for PBXProject "ProfileAssignmentUI" */;
			compatibilityVersion = "Xcode 14.0";
			developmentRegion = en;
			hasScannedForEncodings = 0;
			knownRegions = (
				en,
				Base,
			);
			mainGroup = 18301CB22C68D02A003B8ABB;
			productRefGroup = 18301CBC2C68D02A003B8ABB /* Products */;
			projectDirPath = "";
			projectRoot = "";
			targets = (
				18301CBA2C68D02A003B8ABB /* ProfileAssignmentUI */,
				18301CCA2C68D02D003B8ABB /* ProfileAssignmentUITests */,
				18301CD42C68D02D003B8ABB /* ProfileAssignmentUIUITests */,
			);
		};
/* End PBXProject section */

/* Begin PBXResourcesBuildPhase section */
		18301CB92C68D02A003B8ABB /* Resources */ = {
			isa = PBXResourcesBuildPhase;
			buildActionMask = 2147483647;
			files = (
				18301CC62C68D02C003B8ABB /* Preview Assets.xcassets in Resources */,
				18301CC32C68D02C003B8ABB /* Assets.xcassets in Resources */,
			);
			runOnlyForDeploymentPostprocessing = 0;
		};
		18301CC92C68D02D003B8ABB /* Resources */ = {
			isa = PBXResourcesBuildPhase;
			buildActionMask = 2147483647;
			files = (
			);
			runOnlyForDeploymentPostprocessing = 0;
		};
		18301CD32C68D02D003B8ABB /* Resources */ = {
			isa = PBXResourcesBuildPhase;
			buildActionMask = 2147483647;
			files = (
			);
			runOnlyForDeploymentPostprocessing = 0;
		};
/* End PBXResourcesBuildPhase section */

/* Begin PBXSourcesBuildPhase section */
		18301CB72C68D02A003B8ABB /* Sources */ = {
			isa = PBXSourcesBuildPhase;
			buildActionMask = 2147483647;
			files = (
				18301CC12C68D02A003B8ABB /* ProfileScreen.swift in Sources */,
				18301CBF2C68D02A003B8ABB /* ProfileAssignmentUIApp.swift in Sources */,
				18301CEB2C6A6D29003B8ABB /* EditProfileScreen.swift in Sources */,
			);
			runOnlyForDeploymentPostprocessing = 0;
		};
		18301CC72C68D02D003B8ABB /* Sources */ = {
			isa = PBXSourcesBuildPhase;
			buildActionMask = 2147483647;
			files = (
				18301CD02C68D02D003B8ABB /* ProfileAssignmentUITests.swift in Sources */,
			);
			runOnlyForDeploymentPostprocessing = 0;
		};
		18301CD12C68D02D003B8ABB /* Sources */ = {
			isa = PBXSourcesBuildPhase;
			buildActionMask = 2147483647;
			files = (
				18301CDA2C68D02D003B8ABB /* ProfileAssignmentUIUITests.swift in Sources */,
				18301CDC2C68D02D003B8ABB /* ProfileAssignmentUIUITestsLaunchTests.swift in Sources */,
			);
			runOnlyForDeploymentPostprocessing = 0;
		};
/* End PBXSourcesBuildPhase section */

/* Begin PBXTargetDependency section */
		18301CCD2C68D02D003B8ABB /* PBXTargetDependency */ = {
			isa = PBXTargetDependency;
			target = 18301CBA2C68D02A003B8ABB /* ProfileAssignmentUI */;
			targetProxy = 18301CCC2C68D02D003B8ABB /* PBXContainerItemProxy */;
		};
		18301CD72C68D02D003B8ABB /* PBXTargetDependency */ = {
			isa = PBXTargetDependency;
			target = 18301CBA2C68D02A003B8ABB /* ProfileAssignmentUI */;
			targetProxy = 18301CD62C68D02D003B8ABB /* PBXContainerItemProxy */;
		};
/* End PBXTargetDependency section */

/* Begin XCBuildConfiguration section */
		18301CDD2C68D02D003B8ABB /* Debug */ = {
			isa = XCBuildConfiguration;
			buildSettings = {
				ALWAYS_SEARCH_USER_PATHS = NO;
				ASSETCATALOG_COMPILER_GENERATE_SWIFT_ASSET_SYMBOL_EXTENSIONS = YES;
				CLANG_ANALYZER_NONNULL = YES;
				CLANG_ANALYZER_NUMBER_OBJECT_CONVERSION = YES_AGGRESSIVE;
				CLANG_CXX_LANGUAGE_STANDARD = "gnu++20";
				CLANG_ENABLE_MODULES = YES;
				CLANG_ENABLE_OBJC_ARC = YES;
				CLANG_ENABLE_OBJC_WEAK = YES;
				CLANG_WARN_BLOCK_CAPTURE_AUTORELEASING = YES;
				CLANG_WARN_BOOL_CONVERSION = YES;
				CLANG_WARN_COMMA = YES;
				CLANG_WARN_CONSTANT_CONVERSION = YES;
				CLANG_WARN_DEPRECATED_OBJC_IMPLEMENTATIONS = YES;
				CLANG_WARN_DIRECT_OBJC_ISA_USAGE = YES_ERROR;
				CLANG_WARN_DOCUMENTATION_COMMENTS = YES;
				CLANG_WARN_EMPTY_BODY = YES;
				CLANG_WARN_ENUM_CONVERSION = YES;
				CLANG_WARN_INFINITE_RECURSION = YES;
				CLANG_WARN_INT_CONVERSION = YES;
				CLANG_WARN_NON_LITERAL_NULL_CONVERSION = YES;
				CLANG_WARN_OBJC_IMPLICIT_RETAIN_SELF = YES;
				CLANG_WARN_OBJC_LITERAL_CONVERSION = YES;
				CLANG_WARN_OBJC_ROOT_CLASS = YES_ERROR;
				CLANG_WARN_QUOTED_INCLUDE_IN_FRAMEWORK_HEADER = YES;
				CLANG_WARN_RANGE_LOOP_ANALYSIS = YES;
				CLANG_WARN_STRICT_PROTOTYPES = YES;
				CLANG_WARN_SUSPICIOUS_MOVE = YES;
				CLANG_WARN_UNGUARDED_AVAILABILITY = YES_AGGRESSIVE;
				CLANG_WARN_UNREACHABLE_CODE = YES;
				CLANG_WARN__DUPLICATE_METHOD_MATCH = YES;
				COPY_PHASE_STRIP = NO;
				DEBUG_INFORMATION_FORMAT = dwarf;
				ENABLE_STRICT_OBJC_MSGSEND = YES;
				ENABLE_TESTABILITY = YES;
				ENABLE_USER_SCRIPT_SANDBOXING = YES;
				GCC_C_LANGUAGE_STANDARD = gnu17;
				GCC_DYNAMIC_NO_PIC = NO;
				GCC_NO_COMMON_BLOCKS = YES;
				GCC_OPTIMIZATION_LEVEL = 0;
				GCC_PREPROCESSOR_DEFINITIONS = (
					"DEBUG=1",
					"$(inherited)",
				);
				GCC_WARN_64_TO_32_BIT_CONVERSION = YES;
				GCC_WARN_ABOUT_RETURN_TYPE = YES_ERROR;
				GCC_WARN_UNDECLARED_SELECTOR = YES;
				GCC_WARN_UNINITIALIZED_AUTOS = YES_AGGRESSIVE;
				GCC_WARN_UNUSED_FUNCTION = YES;
				GCC_WARN_UNUSED_VARIABLE = YES;
				IPHONEOS_DEPLOYMENT_TARGET = 17.5;
				LOCALIZATION_PREFERS_STRING_CATALOGS = YES;
				MTL_ENABLE_DEBUG_INFO = INCLUDE_SOURCE;
				MTL_FAST_MATH = YES;
				ONLY_ACTIVE_ARCH = YES;
				SDKROOT = iphoneos;
				SWIFT_ACTIVE_COMPILATION_CONDITIONS = "DEBUG $(inherited)";
				SWIFT_OPTIMIZATION_LEVEL = "-Onone";
			};
			name = Debug;
		};
		18301CDE2C68D02D003B8ABB /* Release */ = {
			isa = XCBuildConfiguration;
			buildSettings = {
				ALWAYS_SEARCH_USER_PATHS = NO;
				ASSETCATALOG_COMPILER_GENERATE_SWIFT_ASSET_SYMBOL_EXTENSIONS = YES;
				CLANG_ANALYZER_NONNULL = YES;
				CLANG_ANALYZER_NUMBER_OBJECT_CONVERSION = YES_AGGRESSIVE;
				CLANG_CXX_LANGUAGE_STANDARD = "gnu++20";
				CLANG_ENABLE_MODULES = YES;
				CLANG_ENABLE_OBJC_ARC = YES;
				CLANG_ENABLE_OBJC_WEAK = YES;
				CLANG_WARN_BLOCK_CAPTURE_AUTORELEASING = YES;
				CLANG_WARN_BOOL_CONVERSION = YES;
				CLANG_WARN_COMMA = YES;
				CLANG_WARN_CONSTANT_CONVERSION = YES;
				CLANG_WARN_DEPRECATED_OBJC_IMPLEMENTATIONS = YES;
				CLANG_WARN_DIRECT_OBJC_ISA_USAGE = YES_ERROR;
				CLANG_WARN_DOCUMENTATION_COMMENTS = YES;
				CLANG_WARN_EMPTY_BODY = YES;
				CLANG_WARN_ENUM_CONVERSION = YES;
				CLANG_WARN_INFINITE_RECURSION = YES;
				CLANG_WARN_INT_CONVERSION = YES;
				CLANG_WARN_NON_LITERAL_NULL_CONVERSION = YES;
				CLANG_WARN_OBJC_IMPLICIT_RETAIN_SELF = YES;
				CLANG_WARN_OBJC_LITERAL_CONVERSION = YES;
				CLANG_WARN_OBJC_ROOT_CLASS = YES_ERROR;
				CLANG_WARN_QUOTED_INCLUDE_IN_FRAMEWORK_HEADER = YES;
				CLANG_WARN_RANGE_LOOP_ANALYSIS = YES;
				CLANG_WARN_STRICT_PROTOTYPES = YES;
				CLANG_WARN_SUSPICIOUS_MOVE = YES;
				CLANG_WARN_UNGUARDED_AVAILABILITY = YES_AGGRESSIVE;
				CLANG_WARN_UNREACHABLE_CODE = YES;
				CLANG_WARN__DUPLICATE_METHOD_MATCH = YES;
				COPY_PHASE_STRIP = NO;
				DEBUG_INFORMATION_FORMAT = "dwarf-with-dsym";
				ENABLE_NS_ASSERTIONS = NO;
				ENABLE_STRICT_OBJC_MSGSEND = YES;
				ENABLE_USER_SCRIPT_SANDBOXING = YES;
				GCC_C_LANGUAGE_STANDARD = gnu17;
				GCC_NO_COMMON_BLOCKS = YES;
				GCC_WARN_64_TO_32_BIT_CONVERSION = YES;
				GCC_WARN_ABOUT_RETURN_TYPE = YES_ERROR;
				GCC_WARN_UNDECLARED_SELECTOR = YES;
				GCC_WARN_UNINITIALIZED_AUTOS = YES_AGGRESSIVE;
				GCC_WARN_UNUSED_FUNCTION = YES;
				GCC_WARN_UNUSED_VARIABLE = YES;
				IPHONEOS_DEPLOYMENT_TARGET = 17.5;
				LOCALIZATION_PREFERS_STRING_CATALOGS = YES;
				MTL_ENABLE_DEBUG_INFO = NO;
				MTL_FAST_MATH = YES;
				SDKROOT = iphoneos;
				SWIFT_COMPILATION_MODE = wholemodule;
				VALIDATE_PRODUCT = YES;
			};
			name = Release;
		};
		18301CE02C68D02D003B8ABB /* Debug */ = {
			isa = XCBuildConfiguration;
			buildSettings = {
				ASSETCATALOG_COMPILER_APPICON_NAME = AppIcon;
				ASSETCATALOG_COMPILER_GLOBAL_ACCENT_COLOR_NAME = AccentColor;
				CODE_SIGN_STYLE = Automatic;
				CURRENT_PROJECT_VERSION = 1;
				DEVELOPMENT_ASSET_PATHS = "\"ProfileAssignmentUI/Preview Content\"";
				DEVELOPMENT_TEAM = G2A9TKK9XA;
				ENABLE_PREVIEWS = YES;
				GENERATE_INFOPLIST_FILE = YES;
				INFOPLIST_KEY_UIApplicationSceneManifest_Generation = YES;
				INFOPLIST_KEY_UIApplicationSupportsIndirectInputEvents = YES;
				INFOPLIST_KEY_UILaunchScreen_Generation = YES;
				INFOPLIST_KEY_UISupportedInterfaceOrientations_iPad = "UIInterfaceOrientationPortrait UIInterfaceOrientationPortraitUpsideDown UIInterfaceOrientationLandscapeLeft UIInterfaceOrientationLandscapeRight";
				INFOPLIST_KEY_UISupportedInterfaceOrientations_iPhone = "UIInterfaceOrientationPortrait UIInterfaceOrientationLandscapeLeft UIInterfaceOrientationLandscapeRight";
				LD_RUNPATH_SEARCH_PATHS = (
					"$(inherited)",
					"@executable_path/Frameworks",
				);
				MARKETING_VERSION = 1.0;
				PRODUCT_BUNDLE_IDENTIFIER = ILSA.ProfileAssignmentUI;
				PRODUCT_NAME = "$(TARGET_NAME)";
				SWIFT_EMIT_LOC_STRINGS = YES;
				SWIFT_VERSION = 5.0;
				TARGETED_DEVICE_FAMILY = "1,2";
			};
			name = Debug;
		};
		18301CE12C68D02D003B8ABB /* Release */ = {
			isa = XCBuildConfiguration;
			buildSettings = {
				ASSETCATALOG_COMPILER_APPICON_NAME = AppIcon;
				ASSETCATALOG_COMPILER_GLOBAL_ACCENT_COLOR_NAME = AccentColor;
				CODE_SIGN_STYLE = Automatic;
				CURRENT_PROJECT_VERSION = 1;
				DEVELOPMENT_ASSET_PATHS = "\"ProfileAssignmentUI/Preview Content\"";
				DEVELOPMENT_TEAM = G2A9TKK9XA;
				ENABLE_PREVIEWS = YES;
				GENERATE_INFOPLIST_FILE = YES;
				INFOPLIST_KEY_UIApplicationSceneManifest_Generation = YES;
				INFOPLIST_KEY_UIApplicationSupportsIndirectInputEvents = YES;
				INFOPLIST_KEY_UILaunchScreen_Generation = YES;
				INFOPLIST_KEY_UISupportedInterfaceOrientations_iPad = "UIInterfaceOrientationPortrait UIInterfaceOrientationPortraitUpsideDown UIInterfaceOrientationLandscapeLeft UIInterfaceOrientationLandscapeRight";
				INFOPLIST_KEY_UISupportedInterfaceOrientations_iPhone = "UIInterfaceOrientationPortrait UIInterfaceOrientationLandscapeLeft UIInterfaceOrientationLandscapeRight";
				LD_RUNPATH_SEARCH_PATHS = (
					"$(inherited)",
					"@executable_path/Frameworks",
				);
				MARKETING_VERSION = 1.0;
				PRODUCT_BUNDLE_IDENTIFIER = ILSA.ProfileAssignmentUI;
				PRODUCT_NAME = "$(TARGET_NAME)";
				SWIFT_EMIT_LOC_STRINGS = YES;
				SWIFT_VERSION = 5.0;
				TARGETED_DEVICE_FAMILY = "1,2";
			};
			name = Release;
		};
		18301CE32C68D02D003B8ABB /* Debug */ = {
			isa = XCBuildConfiguration;
			buildSettings = {
				ALWAYS_EMBED_SWIFT_STANDARD_LIBRARIES = YES;
				BUNDLE_LOADER = "$(TEST_HOST)";
				CODE_SIGN_STYLE = Automatic;
				CURRENT_PROJECT_VERSION = 1;
				DEVELOPMENT_TEAM = G2A9TKK9XA;
				GENERATE_INFOPLIST_FILE = YES;
				IPHONEOS_DEPLOYMENT_TARGET = 17.5;
				MARKETING_VERSION = 1.0;
				PRODUCT_BUNDLE_IDENTIFIER = ILSA.ProfileAssignmentUITests;
				PRODUCT_NAME = "$(TARGET_NAME)";
				SWIFT_EMIT_LOC_STRINGS = NO;
				SWIFT_VERSION = 5.0;
				TARGETED_DEVICE_FAMILY = "1,2";
				TEST_HOST = "$(BUILT_PRODUCTS_DIR)/ProfileAssignmentUI.app/$(BUNDLE_EXECUTABLE_FOLDER_PATH)/ProfileAssignmentUI";
			};
			name = Debug;
		};
		18301CE42C68D02D003B8ABB /* Release */ = {
			isa = XCBuildConfiguration;
			buildSettings = {
				ALWAYS_EMBED_SWIFT_STANDARD_LIBRARIES = YES;
				BUNDLE_LOADER = "$(TEST_HOST)";
				CODE_SIGN_STYLE = Automatic;
				CURRENT_PROJECT_VERSION = 1;
				DEVELOPMENT_TEAM = G2A9TKK9XA;
				GENERATE_INFOPLIST_FILE = YES;
				IPHONEOS_DEPLOYMENT_TARGET = 17.5;
				MARKETING_VERSION = 1.0;
				PRODUCT_BUNDLE_IDENTIFIER = ILSA.ProfileAssignmentUITests;
				PRODUCT_NAME = "$(TARGET_NAME)";
				SWIFT_EMIT_LOC_STRINGS = NO;
				SWIFT_VERSION = 5.0;
				TARGETED_DEVICE_FAMILY = "1,2";
				TEST_HOST = "$(BUILT_PRODUCTS_DIR)/ProfileAssignmentUI.app/$(BUNDLE_EXECUTABLE_FOLDER_PATH)/ProfileAssignmentUI";
			};
			name = Release;
		};
		18301CE62C68D02D003B8ABB /* Debug */ = {
			isa = XCBuildConfiguration;
			buildSettings = {
				ALWAYS_EMBED_SWIFT_STANDARD_LIBRARIES = YES;
				CODE_SIGN_STYLE = Automatic;
				CURRENT_PROJECT_VERSION = 1;
				DEVELOPMENT_TEAM = G2A9TKK9XA;
				GENERATE_INFOPLIST_FILE = YES;
				MARKETING_VERSION = 1.0;
				PRODUCT_BUNDLE_IDENTIFIER = ILSA.ProfileAssignmentUIUITests;
				PRODUCT_NAME = "$(TARGET_NAME)";
				SWIFT_EMIT_LOC_STRINGS = NO;
				SWIFT_VERSION = 5.0;
				TARGETED_DEVICE_FAMILY = "1,2";
				TEST_TARGET_NAME = ProfileAssignmentUI;
			};
			name = Debug;
		};
		18301CE72C68D02D003B8ABB /* Release */ = {
			isa = XCBuildConfiguration;
			buildSettings = {
				ALWAYS_EMBED_SWIFT_STANDARD_LIBRARIES = YES;
				CODE_SIGN_STYLE = Automatic;
				CURRENT_PROJECT_VERSION = 1;
				DEVELOPMENT_TEAM = G2A9TKK9XA;
				GENERATE_INFOPLIST_FILE = YES;
				MARKETING_VERSION = 1.0;
				PRODUCT_BUNDLE_IDENTIFIER = ILSA.ProfileAssignmentUIUITests;
				PRODUCT_NAME = "$(TARGET_NAME)";
				SWIFT_EMIT_LOC_STRINGS = NO;
				SWIFT_VERSION = 5.0;
				TARGETED_DEVICE_FAMILY = "1,2";
				TEST_TARGET_NAME = ProfileAssignmentUI;
			};
			name = Release;
		};
/* End XCBuildConfiguration section */

/* Begin XCConfigurationList section */
		18301CB62C68D02A003B8ABB /* Build configuration list for PBXProject "ProfileAssignmentUI" */ = {
			isa = XCConfigurationList;
			buildConfigurations = (
				18301CDD2C68D02D003B8ABB /* Debug */,
				18301CDE2C68D02D003B8ABB /* Release */,
			);
			defaultConfigurationIsVisible = 0;
			defaultConfigurationName = Release;
		};
		18301CDF2C68D02D003B8ABB /* Build configuration list for PBXNativeTarget "ProfileAssignmentUI" */ = {
			isa = XCConfigurationList;
			buildConfigurations = (
				18301CE02C68D02D003B8ABB /* Debug */,
				18301CE12C68D02D003B8ABB /* Release */,
			);
			defaultConfigurationIsVisible = 0;
			defaultConfigurationName = Release;
		};
		18301CE22C68D02D003B8ABB /* Build configuration list for PBXNativeTarget "ProfileAssignmentUITests" */ = {
			isa = XCConfigurationList;
			buildConfigurations = (
				18301CE32C68D02D003B8ABB /* Debug */,
				18301CE42C68D02D003B8ABB /* Release */,
			);
			defaultConfigurationIsVisible = 0;
			defaultConfigurationName = Release;
		};
		18301CE52C68D02D003B8ABB /* Build configuration list for PBXNativeTarget "ProfileAssignmentUIUITests" */ = {
			isa = XCConfigurationList;
			buildConfigurations = (
				18301CE62C68D02D003B8ABB /* Debug */,
				18301CE72C68D02D003B8ABB /* Release */,
			);
			defaultConfigurationIsVisible = 0;
			defaultConfigurationName = Release;
		};
/* End XCConfigurationList section */
	};
	rootObject = 18301CB32C68D02A003B8ABB /* Project object */;
}
